// !$*UTF8*$!
{
	archiveVersion = 1;
	classes = {
	};
	objectVersion = 56;
	objects = {

/* Begin PBXBuildFile section */
		25010C072A17726E00D6AD98 /* ShowroomApp+UIKit.swift in Sources */ = {isa = PBXBuildFile; fileRef = 25010C062A17726E00D6AD98 /* ShowroomApp+UIKit.swift */; };
		25E504672AD4400800A1DAC5 /* DesignSystem in Frameworks */ = {isa = PBXBuildFile; productRef = 25E504662AD4400800A1DAC5 /* DesignSystem */; };
		25EE2AC22A1773C900E54FED /* DesignSystem in Frameworks */ = {isa = PBXBuildFile; productRef = 25EE2AC12A1773C900E54FED /* DesignSystem */; };
		ED223E042C69181C003F5528 /* ContentView.swift in Sources */ = {isa = PBXBuildFile; fileRef = ED223E032C69181C003F5528 /* ContentView.swift */; };
		ED7C2E292C675CDC00CCB59F /* AlertsViewController.swift in Sources */ = {isa = PBXBuildFile; fileRef = ED7C2E282C675CDC00CCB59F /* AlertsViewController.swift */; };
		ED9845B92C675E5000DC69FA /* ShowroomApp+SwiftUI.swift in Sources */ = {isa = PBXBuildFile; fileRef = ED9845B82C675E5000DC69FA /* ShowroomApp+SwiftUI.swift */; };
		ED9845BD2C675F1C00DC69FA /* Assets.xcassets in Resources */ = {isa = PBXBuildFile; fileRef = ED9845BA2C675F1C00DC69FA /* Assets.xcassets */; };
		ED9845BE2C675F1C00DC69FA /* Preview Assets.xcassets in Resources */ = {isa = PBXBuildFile; fileRef = ED9845BB2C675F1C00DC69FA /* Preview Assets.xcassets */; };
/* End PBXBuildFile section */

/* Begin PBXFileReference section */
		25010C032A17726E00D6AD98 /* Showroom-UIKit.app */ = {isa = PBXFileReference; explicitFileType = wrapper.application; includeInIndex = 0; path = "Showroom-UIKit.app"; sourceTree = BUILT_PRODUCTS_DIR; };
		25010C062A17726E00D6AD98 /* ShowroomApp+UIKit.swift */ = {isa = PBXFileReference; lastKnownFileType = sourcecode.swift; path = "ShowroomApp+UIKit.swift"; sourceTree = "<group>"; };
		25E504522AD43B2900A1DAC5 /* Showroom-SwiftUI.app */ = {isa = PBXFileReference; explicitFileType = wrapper.application; includeInIndex = 0; path = "Showroom-SwiftUI.app"; sourceTree = BUILT_PRODUCTS_DIR; };
		ED223E032C69181C003F5528 /* ContentView.swift */ = {isa = PBXFileReference; lastKnownFileType = sourcecode.swift; path = ContentView.swift; sourceTree = "<group>"; };
		ED7C2E282C675CDC00CCB59F /* AlertsViewController.swift */ = {isa = PBXFileReference; fileEncoding = 4; lastKnownFileType = sourcecode.swift; path = AlertsViewController.swift; sourceTree = "<group>"; };
		ED9845B82C675E5000DC69FA /* ShowroomApp+SwiftUI.swift */ = {isa = PBXFileReference; fileEncoding = 4; lastKnownFileType = sourcecode.swift; path = "ShowroomApp+SwiftUI.swift"; sourceTree = "<group>"; };
		ED9845BA2C675F1C00DC69FA /* Assets.xcassets */ = {isa = PBXFileReference; lastKnownFileType = folder.assetcatalog; path = Assets.xcassets; sourceTree = "<group>"; };
		ED9845BB2C675F1C00DC69FA /* Preview Assets.xcassets */ = {isa = PBXFileReference; lastKnownFileType = folder.assetcatalog; path = "Preview Assets.xcassets"; sourceTree = "<group>"; };
		ED9845BF2C675F2D00DC69FA /* Info.plist */ = {isa = PBXFileReference; fileEncoding = 4; lastKnownFileType = text.plist.xml; path = Info.plist; sourceTree = "<group>"; };
/* End PBXFileReference section */

/* Begin PBXFrameworksBuildPhase section */
		25010C002A17726E00D6AD98 /* Frameworks */ = {
			isa = PBXFrameworksBuildPhase;
			buildActionMask = 2147483647;
			files = (
				25EE2AC22A1773C900E54FED /* DesignSystem in Frameworks */,
			);
			runOnlyForDeploymentPostprocessing = 0;
		};
		25E5044F2AD43B2900A1DAC5 /* Frameworks */ = {
			isa = PBXFrameworksBuildPhase;
			buildActionMask = 2147483647;
			files = (
				25E504672AD4400800A1DAC5 /* DesignSystem in Frameworks */,
			);
			runOnlyForDeploymentPostprocessing = 0;
		};
/* End PBXFrameworksBuildPhase section */

/* Begin PBXGroup section */
		25010BFA2A17726E00D6AD98 = {
			isa = PBXGroup;
			children = (
				25010C052A17726E00D6AD98 /* Showroom */,
				25010C042A17726E00D6AD98 /* Products */,
				25EE2AC02A1773C900E54FED /* Frameworks */,
			);
			sourceTree = "<group>";
		};
		25010C042A17726E00D6AD98 /* Products */ = {
			isa = PBXGroup;
			children = (
				25010C032A17726E00D6AD98 /* Showroom-UIKit.app */,
				25E504522AD43B2900A1DAC5 /* Showroom-SwiftUI.app */,
			);
			name = Products;
			sourceTree = "<group>";
		};
		25010C052A17726E00D6AD98 /* Showroom */ = {
			isa = PBXGroup;
			children = (
				ED9845BA2C675F1C00DC69FA /* Assets.xcassets */,
				ED7C2E2A2C675D6400CCB59F /* SwiftUI */,
				25E504462AD43AF200A1DAC5 /* UIKit */,
			);
			path = Showroom;
			sourceTree = "<group>";
		};
		25E504462AD43AF200A1DAC5 /* UIKit */ = {
			isa = PBXGroup;
			children = (
				ED9845BF2C675F2D00DC69FA /* Info.plist */,
				25010C062A17726E00D6AD98 /* ShowroomApp+UIKit.swift */,
				ED7C2E282C675CDC00CCB59F /* AlertsViewController.swift */,
			);
			name = UIKit;
			path = Showroom/UIKit;
			sourceTree = SOURCE_ROOT;
		};
		25EE2AC02A1773C900E54FED /* Frameworks */ = {
			isa = PBXGroup;
			children = (
			);
			name = Frameworks;
			sourceTree = "<group>";
		};
		ED7C2E2A2C675D6400CCB59F /* SwiftUI */ = {
			isa = PBXGroup;
			children = (
				ED9845B82C675E5000DC69FA /* ShowroomApp+SwiftUI.swift */,
				ED223E032C69181C003F5528 /* ContentView.swift */,
				ED9845BC2C675F1C00DC69FA /* Preview Content */,
			);
			path = SwiftUI;
			sourceTree = "<group>";
		};
		ED9845BC2C675F1C00DC69FA /* Preview Content */ = {
			isa = PBXGroup;
			children = (
				ED9845BB2C675F1C00DC69FA /* Preview Assets.xcassets */,
			);
			path = "Preview Content";
			sourceTree = "<group>";
		};
/* End PBXGroup section */

/* Begin PBXNativeTarget section */
		25010C022A17726E00D6AD98 /* Showroom-UIKit */ = {
			isa = PBXNativeTarget;
			buildConfigurationList = 25010C112A17726F00D6AD98 /* Build configuration list for PBXNativeTarget "Showroom-UIKit" */;
			buildPhases = (
				25010BFF2A17726E00D6AD98 /* Sources */,
				25010C002A17726E00D6AD98 /* Frameworks */,
				25010C012A17726E00D6AD98 /* Resources */,
			);
			buildRules = (
			);
			dependencies = (
				25EE2ABF2A1773B100E54FED /* PBXTargetDependency */,
			);
			name = "Showroom-UIKit";
			packageProductDependencies = (
				25EE2AC12A1773C900E54FED /* DesignSystem */,
			);
			productName = showroom;
			productReference = 25010C032A17726E00D6AD98 /* Showroom-UIKit.app */;
			productType = "com.apple.product-type.application";
		};
		25E504512AD43B2900A1DAC5 /* Showroom-SwiftUI */ = {
			isa = PBXNativeTarget;
			buildConfigurationList = 25E5045D2AD43B2A00A1DAC5 /* Build configuration list for PBXNativeTarget "Showroom-SwiftUI" */;
			buildPhases = (
				25E5044E2AD43B2900A1DAC5 /* Sources */,
				25E5044F2AD43B2900A1DAC5 /* Frameworks */,
				25E504502AD43B2900A1DAC5 /* Resources */,
			);
			buildRules = (
			);
			dependencies = (
			);
			name = "Showroom-SwiftUI";
			packageProductDependencies = (
				25E504662AD4400800A1DAC5 /* DesignSystem */,
			);
			productName = ShowroomApp;
			productReference = 25E504522AD43B2900A1DAC5 /* Showroom-SwiftUI.app */;
			productType = "com.apple.product-type.application";
		};
/* End PBXNativeTarget section */

/* Begin PBXProject section */
		25010BFB2A17726E00D6AD98 /* Project object */ = {
			isa = PBXProject;
			attributes = {
				BuildIndependentTargetsInParallel = 1;
				LastSwiftUpdateCheck = 1410;
				LastUpgradeCheck = 1540;
				TargetAttributes = {
					25010C022A17726E00D6AD98 = {
						CreatedOnToolsVersion = 14.1;
					};
					25E504512AD43B2900A1DAC5 = {
						CreatedOnToolsVersion = 14.1;
						LastSwiftMigration = 1540;
					};
				};
			};
			buildConfigurationList = 25010BFE2A17726E00D6AD98 /* Build configuration list for PBXProject "Showroom" */;
			compatibilityVersion = "Xcode 14.0";
			developmentRegion = en;
			hasScannedForEncodings = 0;
			knownRegions = (
				en,
				Base,
			);
			mainGroup = 25010BFA2A17726E00D6AD98;
			productRefGroup = 25010C042A17726E00D6AD98 /* Products */;
			projectDirPath = "";
			projectRoot = "";
			targets = (
				25010C022A17726E00D6AD98 /* Showroom-UIKit */,
				25E504512AD43B2900A1DAC5 /* Showroom-SwiftUI */,
			);
		};
/* End PBXProject section */

/* Begin PBXResourcesBuildPhase section */
		25010C012A17726E00D6AD98 /* Resources */ = {
			isa = PBXResourcesBuildPhase;
			buildActionMask = 2147483647;
			files = (
			);
			runOnlyForDeploymentPostprocessing = 0;
		};
		25E504502AD43B2900A1DAC5 /* Resources */ = {
			isa = PBXResourcesBuildPhase;
			buildActionMask = 2147483647;
			files = (
				ED9845BE2C675F1C00DC69FA /* Preview Assets.xcassets in Resources */,
				ED9845BD2C675F1C00DC69FA /* Assets.xcassets in Resources */,
			);
			runOnlyForDeploymentPostprocessing = 0;
		};
/* End PBXResourcesBuildPhase section */

/* Begin PBXSourcesBuildPhase section */
		25010BFF2A17726E00D6AD98 /* Sources */ = {
			isa = PBXSourcesBuildPhase;
			buildActionMask = 2147483647;
			files = (
				25010C072A17726E00D6AD98 /* ShowroomApp+UIKit.swift in Sources */,
				ED7C2E292C675CDC00CCB59F /* AlertsViewController.swift in Sources */,
			);
			runOnlyForDeploymentPostprocessing = 0;
		};
		25E5044E2AD43B2900A1DAC5 /* Sources */ = {
			isa = PBXSourcesBuildPhase;
			buildActionMask = 2147483647;
			files = (
				ED223E042C69181C003F5528 /* ContentView.swift in Sources */,
				ED9845B92C675E5000DC69FA /* ShowroomApp+SwiftUI.swift in Sources */,
			);
			runOnlyForDeploymentPostprocessing = 0;
		};
/* End PBXSourcesBuildPhase section */

/* Begin PBXTargetDependency section */
		25EE2ABF2A1773B100E54FED /* PBXTargetDependency */ = {
			isa = PBXTargetDependency;
			productRef = 25EE2ABE2A1773B100E54FED /* DesignSystem */;
		};
/* End PBXTargetDependency section */

/* Begin XCBuildConfiguration section */
		25010C0F2A17726F00D6AD98 /* Debug */ = {
			isa = XCBuildConfiguration;
			buildSettings = {
				ALWAYS_SEARCH_USER_PATHS = NO;
				CLANG_ANALYZER_NONNULL = YES;
				CLANG_ANALYZER_NUMBER_OBJECT_CONVERSION = YES_AGGRESSIVE;
				CLANG_CXX_LANGUAGE_STANDARD = "gnu++20";
				CLANG_ENABLE_MODULES = YES;
				CLANG_ENABLE_OBJC_ARC = YES;
				CLANG_ENABLE_OBJC_WEAK = YES;
				CLANG_WARN_BLOCK_CAPTURE_AUTORELEASING = YES;
				CLANG_WARN_BOOL_CONVERSION = YES;
				CLANG_WARN_COMMA = YES;
				CLANG_WARN_CONSTANT_CONVERSION = YES;
				CLANG_WARN_DEPRECATED_OBJC_IMPLEMENTATIONS = YES;
				CLANG_WARN_DIRECT_OBJC_ISA_USAGE = YES_ERROR;
				CLANG_WARN_DOCUMENTATION_COMMENTS = YES;
				CLANG_WARN_EMPTY_BODY = YES;
				CLANG_WARN_ENUM_CONVERSION = YES;
				CLANG_WARN_INFINITE_RECURSION = YES;
				CLANG_WARN_INT_CONVERSION = YES;
				CLANG_WARN_NON_LITERAL_NULL_CONVERSION = YES;
				CLANG_WARN_OBJC_IMPLICIT_RETAIN_SELF = YES;
				CLANG_WARN_OBJC_LITERAL_CONVERSION = YES;
				CLANG_WARN_OBJC_ROOT_CLASS = YES_ERROR;
				CLANG_WARN_QUOTED_INCLUDE_IN_FRAMEWORK_HEADER = YES;
				CLANG_WARN_RANGE_LOOP_ANALYSIS = YES;
				CLANG_WARN_STRICT_PROTOTYPES = YES;
				CLANG_WARN_SUSPICIOUS_MOVE = YES;
				CLANG_WARN_UNGUARDED_AVAILABILITY = YES_AGGRESSIVE;
				CLANG_WARN_UNREACHABLE_CODE = YES;
				CLANG_WARN__DUPLICATE_METHOD_MATCH = YES;
				COPY_PHASE_STRIP = NO;
				DEBUG_INFORMATION_FORMAT = dwarf;
				ENABLE_STRICT_OBJC_MSGSEND = YES;
				ENABLE_TESTABILITY = YES;
				ENABLE_USER_SCRIPT_SANDBOXING = YES;
				GCC_C_LANGUAGE_STANDARD = gnu11;
				GCC_DYNAMIC_NO_PIC = NO;
				GCC_NO_COMMON_BLOCKS = YES;
				GCC_OPTIMIZATION_LEVEL = 0;
				GCC_PREPROCESSOR_DEFINITIONS = (
					"DEBUG=1",
					"$(inherited)",
				);
				GCC_WARN_64_TO_32_BIT_CONVERSION = YES;
				GCC_WARN_ABOUT_RETURN_TYPE = YES_ERROR;
				GCC_WARN_UNDECLARED_SELECTOR = YES;
				GCC_WARN_UNINITIALIZED_AUTOS = YES_AGGRESSIVE;
				GCC_WARN_UNUSED_FUNCTION = YES;
				GCC_WARN_UNUSED_VARIABLE = YES;
				IPHONEOS_DEPLOYMENT_TARGET = 16.1;
				MTL_ENABLE_DEBUG_INFO = INCLUDE_SOURCE;
				MTL_FAST_MATH = YES;
				ONLY_ACTIVE_ARCH = YES;
				SDKROOT = iphoneos;
				SWIFT_ACTIVE_COMPILATION_CONDITIONS = DEBUG;
				SWIFT_OPTIMIZATION_LEVEL = "-Onone";
			};
			name = Debug;
		};
		25010C102A17726F00D6AD98 /* Release */ = {
			isa = XCBuildConfiguration;
			buildSettings = {
				ALWAYS_SEARCH_USER_PATHS = NO;
				CLANG_ANALYZER_NONNULL = YES;
				CLANG_ANALYZER_NUMBER_OBJECT_CONVERSION = YES_AGGRESSIVE;
				CLANG_CXX_LANGUAGE_STANDARD = "gnu++20";
				CLANG_ENABLE_MODULES = YES;
				CLANG_ENABLE_OBJC_ARC = YES;
				CLANG_ENABLE_OBJC_WEAK = YES;
				CLANG_WARN_BLOCK_CAPTURE_AUTORELEASING = YES;
				CLANG_WARN_BOOL_CONVERSION = YES;
				CLANG_WARN_COMMA = YES;
				CLANG_WARN_CONSTANT_CONVERSION = YES;
				CLANG_WARN_DEPRECATED_OBJC_IMPLEMENTATIONS = YES;
				CLANG_WARN_DIRECT_OBJC_ISA_USAGE = YES_ERROR;
				CLANG_WARN_DOCUMENTATION_COMMENTS = YES;
				CLANG_WARN_EMPTY_BODY = YES;
				CLANG_WARN_ENUM_CONVERSION = YES;
				CLANG_WARN_INFINITE_RECURSION = YES;
				CLANG_WARN_INT_CONVERSION = YES;
				CLANG_WARN_NON_LITERAL_NULL_CONVERSION = YES;
				CLANG_WARN_OBJC_IMPLICIT_RETAIN_SELF = YES;
				CLANG_WARN_OBJC_LITERAL_CONVERSION = YES;
				CLANG_WARN_OBJC_ROOT_CLASS = YES_ERROR;
				CLANG_WARN_QUOTED_INCLUDE_IN_FRAMEWORK_HEADER = YES;
				CLANG_WARN_RANGE_LOOP_ANALYSIS = YES;
				CLANG_WARN_STRICT_PROTOTYPES = YES;
				CLANG_WARN_SUSPICIOUS_MOVE = YES;
				CLANG_WARN_UNGUARDED_AVAILABILITY = YES_AGGRESSIVE;
				CLANG_WARN_UNREACHABLE_CODE = YES;
				CLANG_WARN__DUPLICATE_METHOD_MATCH = YES;
				COPY_PHASE_STRIP = NO;
				DEBUG_INFORMATION_FORMAT = "dwarf-with-dsym";
				ENABLE_NS_ASSERTIONS = NO;
				ENABLE_STRICT_OBJC_MSGSEND = YES;
				ENABLE_USER_SCRIPT_SANDBOXING = YES;
				GCC_C_LANGUAGE_STANDARD = gnu11;
				GCC_NO_COMMON_BLOCKS = YES;
				GCC_WARN_64_TO_32_BIT_CONVERSION = YES;
				GCC_WARN_ABOUT_RETURN_TYPE = YES_ERROR;
				GCC_WARN_UNDECLARED_SELECTOR = YES;
				GCC_WARN_UNINITIALIZED_AUTOS = YES_AGGRESSIVE;
				GCC_WARN_UNUSED_FUNCTION = YES;
				GCC_WARN_UNUSED_VARIABLE = YES;
				IPHONEOS_DEPLOYMENT_TARGET = 16.1;
				MTL_ENABLE_DEBUG_INFO = NO;
				MTL_FAST_MATH = YES;
				SDKROOT = iphoneos;
				SWIFT_COMPILATION_MODE = wholemodule;
				SWIFT_OPTIMIZATION_LEVEL = "-O";
				VALIDATE_PRODUCT = YES;
			};
			name = Release;
		};
		25010C122A17726F00D6AD98 /* Debug */ = {
			isa = XCBuildConfiguration;
			buildSettings = {
				ASSETCATALOG_COMPILER_APPICON_NAME = AppIcon;
				ASSETCATALOG_COMPILER_GLOBAL_ACCENT_COLOR_NAME = AccentColor;
				"CODE_SIGN_IDENTITY[sdk=iphoneos*]" = "iPhone Developer";
				CODE_SIGN_STYLE = Manual;
				CURRENT_PROJECT_VERSION = 1;
				DEVELOPMENT_ASSET_PATHS = "";
				DEVELOPMENT_TEAM = "";
				"DEVELOPMENT_TEAM[sdk=iphoneos*]" = 4HR4T4KMX7;
				ENABLE_PREVIEWS = YES;
				GENERATE_INFOPLIST_FILE = YES;
				INFOPLIST_FILE = Showroom/UIKit/Info.plist;
				INFOPLIST_KEY_CFBundleDisplayName = Showroom;
				INFOPLIST_KEY_UIApplicationSupportsIndirectInputEvents = YES;
				INFOPLIST_KEY_UILaunchScreen_Generation = YES;
				INFOPLIST_KEY_UISupportedInterfaceOrientations_iPad = "UIInterfaceOrientationPortrait UIInterfaceOrientationPortraitUpsideDown UIInterfaceOrientationLandscapeLeft UIInterfaceOrientationLandscapeRight";
				INFOPLIST_KEY_UISupportedInterfaceOrientations_iPhone = "UIInterfaceOrientationPortrait UIInterfaceOrientationLandscapeLeft UIInterfaceOrientationLandscapeRight";
				INFOPLIST_KEY_UIUserInterfaceStyle = Light;
				IPHONEOS_DEPLOYMENT_TARGET = 15.0;
				LD_RUNPATH_SEARCH_PATHS = (
					"$(inherited)",
					"@executable_path/Frameworks",
				);
				MARKETING_VERSION = 1.0;
				PRODUCT_BUNDLE_IDENTIFIER = com.lidl.eci.lidl.plus.scrm.dev;
				PRODUCT_NAME = "$(TARGET_NAME)";
				PROVISIONING_PROFILE_SPECIFIER = "";
				"PROVISIONING_PROFILE_SPECIFIER[sdk=iphoneos*]" = "match Development com.lidl.eci.lidl.plus.scrm.dev";
				SWIFT_EMIT_LOC_STRINGS = YES;
				SWIFT_VERSION = 5.0;
				TARGETED_DEVICE_FAMILY = "1,2";
			};
			name = Debug;
		};
		25010C132A17726F00D6AD98 /* Release */ = {
			isa = XCBuildConfiguration;
			buildSettings = {
				ASSETCATALOG_COMPILER_APPICON_NAME = AppIcon;
				ASSETCATALOG_COMPILER_GLOBAL_ACCENT_COLOR_NAME = AccentColor;
				"CODE_SIGN_IDENTITY[sdk=iphoneos*]" = "iPhone Developer";
				CODE_SIGN_STYLE = Manual;
				CURRENT_PROJECT_VERSION = 1;
				DEVELOPMENT_ASSET_PATHS = "";
				DEVELOPMENT_TEAM = "";
				"DEVELOPMENT_TEAM[sdk=iphoneos*]" = 4HR4T4KMX7;
				ENABLE_PREVIEWS = YES;
				GENERATE_INFOPLIST_FILE = YES;
				INFOPLIST_FILE = Showroom/UIKit/Info.plist;
				INFOPLIST_KEY_CFBundleDisplayName = Showroom;
				INFOPLIST_KEY_UIApplicationSupportsIndirectInputEvents = YES;
				INFOPLIST_KEY_UILaunchScreen_Generation = YES;
				INFOPLIST_KEY_UISupportedInterfaceOrientations_iPad = "UIInterfaceOrientationPortrait UIInterfaceOrientationPortraitUpsideDown UIInterfaceOrientationLandscapeLeft UIInterfaceOrientationLandscapeRight";
				INFOPLIST_KEY_UISupportedInterfaceOrientations_iPhone = "UIInterfaceOrientationPortrait UIInterfaceOrientationLandscapeLeft UIInterfaceOrientationLandscapeRight";
				INFOPLIST_KEY_UIUserInterfaceStyle = Light;
				IPHONEOS_DEPLOYMENT_TARGET = 15.0;
				LD_RUNPATH_SEARCH_PATHS = (
					"$(inherited)",
					"@executable_path/Frameworks",
				);
				MARKETING_VERSION = 1.0;
				PRODUCT_BUNDLE_IDENTIFIER = com.lidl.eci.lidl.plus.scrm.dev;
				PRODUCT_NAME = "$(TARGET_NAME)";
				PROVISIONING_PROFILE_SPECIFIER = "";
				"PROVISIONING_PROFILE_SPECIFIER[sdk=iphoneos*]" = "match Development com.lidl.eci.lidl.plus.scrm.dev";
				SWIFT_EMIT_LOC_STRINGS = YES;
				SWIFT_VERSION = 5.0;
				TARGETED_DEVICE_FAMILY = "1,2";
			};
			name = Release;
		};
		25E5045E2AD43B2A00A1DAC5 /* Debug */ = {
			isa = XCBuildConfiguration;
			buildSettings = {
				ASSETCATALOG_COMPILER_APPICON_NAME = AppIcon;
				ASSETCATALOG_COMPILER_GLOBAL_ACCENT_COLOR_NAME = AccentColor;
				CLANG_ENABLE_MODULES = YES;
				"CODE_SIGN_IDENTITY[sdk=iphoneos*]" = "iPhone Developer";
				CODE_SIGN_STYLE = Manual;
				CURRENT_PROJECT_VERSION = 1;
				DEVELOPMENT_ASSET_PATHS = "\"Showroom/SwiftUI/Preview Content\"";
				DEVELOPMENT_TEAM = "";
				"DEVELOPMENT_TEAM[sdk=iphoneos*]" = 4HR4T4KMX7;
				ENABLE_PREVIEWS = YES;
				GENERATE_INFOPLIST_FILE = YES;
				INFOPLIST_KEY_CFBundleDisplayName = Showroom;
				INFOPLIST_KEY_UIApplicationSceneManifest_Generation = YES;
				INFOPLIST_KEY_UIApplicationSupportsIndirectInputEvents = YES;
				INFOPLIST_KEY_UILaunchScreen_Generation = YES;
				INFOPLIST_KEY_UISupportedInterfaceOrientations_iPad = "UIInterfaceOrientationPortrait UIInterfaceOrientationPortraitUpsideDown UIInterfaceOrientationLandscapeLeft UIInterfaceOrientationLandscapeRight";
				INFOPLIST_KEY_UISupportedInterfaceOrientations_iPhone = "UIInterfaceOrientationPortrait UIInterfaceOrientationLandscapeLeft UIInterfaceOrientationLandscapeRight";
				IPHONEOS_DEPLOYMENT_TARGET = 15.0;
				LD_RUNPATH_SEARCH_PATHS = (
					"$(inherited)",
					"@executable_path/Frameworks",
				);
				MARKETING_VERSION = 1.0;
				PRODUCT_BUNDLE_IDENTIFIER = com.lidl.eci.lidl.plus.scrm.dev;
				PRODUCT_NAME = "$(TARGET_NAME)";
				PROVISIONING_PROFILE_SPECIFIER = "";
				"PROVISIONING_PROFILE_SPECIFIER[sdk=iphoneos*]" = "match Development com.lidl.eci.lidl.plus.scrm.dev";
				SWIFT_EMIT_LOC_STRINGS = YES;
				SWIFT_OPTIMIZATION_LEVEL = "-Onone";
				SWIFT_VERSION = 5.0;
				TARGETED_DEVICE_FAMILY = "1,2";
			};
			name = Debug;
		};
		25E5045F2AD43B2A00A1DAC5 /* Release */ = {
			isa = XCBuildConfiguration;
			buildSettings = {
				ASSETCATALOG_COMPILER_APPICON_NAME = AppIcon;
				ASSETCATALOG_COMPILER_GLOBAL_ACCENT_COLOR_NAME = AccentColor;
				CLANG_ENABLE_MODULES = YES;
				"CODE_SIGN_IDENTITY[sdk=iphoneos*]" = "iPhone Developer";
				CODE_SIGN_STYLE = Manual;
				CURRENT_PROJECT_VERSION = 1;
				DEVELOPMENT_ASSET_PATHS = "\"Showroom/SwiftUI/Preview Content\"";
				DEVELOPMENT_TEAM = "";
				"DEVELOPMENT_TEAM[sdk=iphoneos*]" = 4HR4T4KMX7;
				ENABLE_PREVIEWS = YES;
				GENERATE_INFOPLIST_FILE = YES;
				INFOPLIST_KEY_CFBundleDisplayName = Showroom;
				INFOPLIST_KEY_UIApplicationSceneManifest_Generation = YES;
				INFOPLIST_KEY_UIApplicationSupportsIndirectInputEvents = YES;
				INFOPLIST_KEY_UILaunchScreen_Generation = YES;
				INFOPLIST_KEY_UISupportedInterfaceOrientations_iPad = "UIInterfaceOrientationPortrait UIInterfaceOrientationPortraitUpsideDown UIInterfaceOrientationLandscapeLeft UIInterfaceOrientationLandscapeRight";
				INFOPLIST_KEY_UISupportedInterfaceOrientations_iPhone = "UIInterfaceOrientationPortrait UIInterfaceOrientationLandscapeLeft UIInterfaceOrientationLandscapeRight";
				IPHONEOS_DEPLOYMENT_TARGET = 15.0;
				LD_RUNPATH_SEARCH_PATHS = (
					"$(inherited)",
					"@executable_path/Frameworks",
				);
				MARKETING_VERSION = 1.0;
				PRODUCT_BUNDLE_IDENTIFIER = com.lidl.eci.lidl.plus.scrm.dev;
				PRODUCT_NAME = "$(TARGET_NAME)";
				PROVISIONING_PROFILE_SPECIFIER = "";
				"PROVISIONING_PROFILE_SPECIFIER[sdk=iphoneos*]" = "match Development com.lidl.eci.lidl.plus.scrm.dev";
				SWIFT_EMIT_LOC_STRINGS = YES;
				SWIFT_VERSION = 5.0;
				TARGETED_DEVICE_FAMILY = "1,2";
			};
			name = Release;
		};
/* End XCBuildConfiguration section */

/* Begin XCConfigurationList section */
		25010BFE2A17726E00D6AD98 /* Build configuration list for PBXProject "Showroom" */ = {
			isa = XCConfigurationList;
			buildConfigurations = (
				25010C0F2A17726F00D6AD98 /* Debug */,
				25010C102A17726F00D6AD98 /* Release */,
			);
			defaultConfigurationIsVisible = 0;
			defaultConfigurationName = Release;
		};
		25010C112A17726F00D6AD98 /* Build configuration list for PBXNativeTarget "Showroom-UIKit" */ = {
			isa = XCConfigurationList;
			buildConfigurations = (
				25010C122A17726F00D6AD98 /* Debug */,
				25010C132A17726F00D6AD98 /* Release */,
			);
			defaultConfigurationIsVisible = 0;
			defaultConfigurationName = Release;
		};
		25E5045D2AD43B2A00A1DAC5 /* Build configuration list for PBXNativeTarget "Showroom-SwiftUI" */ = {
			isa = XCConfigurationList;
			buildConfigurations = (
				25E5045E2AD43B2A00A1DAC5 /* Debug */,
				25E5045F2AD43B2A00A1DAC5 /* Release */,
			);
			defaultConfigurationIsVisible = 0;
			defaultConfigurationName = Release;
		};
/* End XCConfigurationList section */

/* Begin XCSwiftPackageProductDependency section */
		25E504662AD4400800A1DAC5 /* DesignSystem */ = {
			isa = XCSwiftPackageProductDependency;
			productName = DesignSystem;
		};
		25EE2ABE2A1773B100E54FED /* DesignSystem */ = {
			isa = XCSwiftPackageProductDependency;
			productName = DesignSystem;
		};
		25EE2AC12A1773C900E54FED /* DesignSystem */ = {
			isa = XCSwiftPackageProductDependency;
			productName = DesignSystem;
		};
/* End XCSwiftPackageProductDependency section */
	};
	rootObject = 25010BFB2A17726E00D6AD98 /* Project object */;
}
